// !$*UTF8*$!
{
 archiveVersion = 1;
 classes = {};
 objectVersion = 56;
 objects = {
  36AB0EF222B5E1F6D22879AA = { isa = PBXFileReference; lastKnownFileType = sourcecode.swift; path = "App/Core/BackgroundKeychainItem.swift"; sourceTree = SOURCE_ROOT; };
  351E4DDE41836BDB219903DA = { isa = PBXBuildFile; fileRef = 36AB0EF222B5E1F6D22879AA; };
  67850696253445ADCC340304 = { isa = PBXFileReference; lastKnownFileType = sourcecode.swift; path = "App/Core/CoalescingFileWriter.swift"; sourceTree = SOURCE_ROOT; };
  BC4BCB17297EFA7C33664641 = { isa = PBXBuildFile; fileRef = 67850696253445ADCC340304; };
  BA771BB44EDD33B051E0F694 = { isa = PBXFileReference; lastKnownFileType = sourcecode.swift; path = "App/Core/LocationMonitoringPolicy.swift"; sourceTree = SOURCE_ROOT; };
  8B039F8DCD3CD8351C99C463 = { isa = PBXBuildFile; fileRef = BA771BB44EDD33B051E0F694; };
  1D7298268D01E0E1E87AA6BC = { isa = PBXFileReference; lastKnownFileType = sourcecode.swift; path = "App/Core/LocationSession.swift"; sourceTree = SOURCE_ROOT; };
  CE5DE4E104895B1B5E27854B = { isa = PBXBuildFile; fileRef = 1D7298268D01E0E1E87AA6BC; };
  B303777A1DB77DF7A06D9731 = { isa = PBXFileReference; lastKnownFileType = sourcecode.swift; path = "App/Core/Models.swift"; sourceTree = SOURCE_ROOT; };
  8095C8F2693E1D03503524E6 = { isa = PBXBuildFile; fileRef = B303777A1DB77DF7A06D9731; };
  472E7E98AF1FFF04EE99A54F = { isa = PBXFileReference; lastKnownFileType = sourcecode.swift; path = "App/Core/RenewalAppIDResolver.swift"; sourceTree = SOURCE_ROOT; };
  C60F3E4E145BF971562E4BF3 = { isa = PBXBuildFile; fileRef = 472E7E98AF1FFF04EE99A54F; };
  E3BB79CCBD002AAAB0CF2C2E = { isa = PBXFileReference; lastKnownFileType = sourcecode.swift; path = "App/Core/RenewalProfile.swift"; sourceTree = SOURCE_ROOT; };
  7EDC9508773095B7C779974E = { isa = PBXBuildFile; fileRef = E3BB79CCBD002AAAB0CF2C2E; };
  F7D13AC362A3033A94EA384D = { isa = PBXFileReference; lastKnownFileType = sourcecode.swift; path = "App/Core/RenewalSchedule.swift"; sourceTree = SOURCE_ROOT; };
  5742A612965BE25926C8964A = { isa = PBXBuildFile; fileRef = F7D13AC362A3033A94EA384D; };
  E4AF3E1ABBF755810D0F9BA1 = { isa = PBXFileReference; lastKnownFileType = sourcecode.swift; path = "App/Core/ResetReadback.swift"; sourceTree = SOURCE_ROOT; };
  D3EDE398B3ECC3D141F0B37F = { isa = PBXBuildFile; fileRef = E4AF3E1ABBF755810D0F9BA1; };
  8DAAD35E5325C0245D310B43 = { isa = PBXFileReference; lastKnownFileType = sourcecode.swift; path = "App/Core/SetupConfiguration.swift"; sourceTree = SOURCE_ROOT; };
  7C7EF079A891026A3559BBC4 = { isa = PBXBuildFile; fileRef = 8DAAD35E5325C0245D310B43; };
  9EB1ACC841C1D29F4999A69D = { isa = PBXFileReference; lastKnownFileType = sourcecode.swift; path = "App/GPSApp.swift"; sourceTree = SOURCE_ROOT; };
  478B8F7C641DCD6CAC59CC80 = { isa = PBXBuildFile; fileRef = 9EB1ACC841C1D29F4999A69D; };
  CC273E2998950BDFFC40EEC4 = { isa = PBXFileReference; lastKnownFileType = sourcecode.swift; path = "App/Intents/RenewalIntents.swift"; sourceTree = SOURCE_ROOT; };
  BC4E1255593D5B59308BC737 = { isa = PBXBuildFile; fileRef = CC273E2998950BDFFC40EEC4; };
  530FF115F7BE6605ACAB6252 = { isa = PBXFileReference; lastKnownFileType = sourcecode.swift; path = "App/Model/AppModel.swift"; sourceTree = SOURCE_ROOT; };
  709803026073CAA1F5D562AE = { isa = PBXBuildFile; fileRef = 530FF115F7BE6605ACAB6252; };
  D75ADF3484C82C2F5C28F0A8 = { isa = PBXFileReference; lastKnownFileType = sourcecode.swift; path = "App/Model/RenewalModel.swift"; sourceTree = SOURCE_ROOT; };
  5EC9C5F02DBD4DFFD95DB294 = { isa = PBXBuildFile; fileRef = D75ADF3484C82C2F5C28F0A8; };
  47A3370F30B5D3209723F971 = { isa = PBXFileReference; lastKnownFileType = sourcecode.swift; path = "App/Services/LocalConnectionProbe.swift"; sourceTree = SOURCE_ROOT; };
  67A810DEAEF97BCD78D76695 = { isa = PBXBuildFile; fileRef = 47A3370F30B5D3209723F971; };
  41A889926E5F1F54E8FE5535 = { isa = PBXFileReference; lastKnownFileType = sourcecode.swift; path = "App/Services/LocationMonitor.swift"; sourceTree = SOURCE_ROOT; };
  60475FB9AEFACA69F67AC190 = { isa = PBXBuildFile; fileRef = 41A889926E5F1F54E8FE5535; };
  D2438DE180F6120826FC90E8 = { isa = PBXFileReference; lastKnownFileType = sourcecode.swift; path = "App/Services/NativeLocationTransport.swift"; sourceTree = SOURCE_ROOT; };
  DCF59D1663A1BD7945AE4B8E = { isa = PBXBuildFile; fileRef = D2438DE180F6120826FC90E8; };
  7E8CE3CFCBB1712C76A09962 = { isa = PBXFileReference; lastKnownFileType = sourcecode.swift; path = "App/Services/NativeProfileTransport.swift"; sourceTree = SOURCE_ROOT; };
  DADB197ABB581B572DBC3867 = { isa = PBXBuildFile; fileRef = 7E8CE3CFCBB1712C76A09962; };
  39AC72B184EAA6197018DDC4 = { isa = PBXFileReference; lastKnownFileType = sourcecode.swift; path = "App/Services/PlaceStore.swift"; sourceTree = SOURCE_ROOT; };
  ECC4635D8390924162A43AC4 = { isa = PBXBuildFile; fileRef = 39AC72B184EAA6197018DDC4; };
  E6ECF465D76C51142834A7E7 = { isa = PBXFileReference; lastKnownFileType = sourcecode.swift; path = "App/Services/ProvisioningStatus.swift"; sourceTree = SOURCE_ROOT; };
  59213F60C48B314AC42AD4AB = { isa = PBXBuildFile; fileRef = E6ECF465D76C51142834A7E7; };
  BF3D275B940E29C3CEE41737 = { isa = PBXFileReference; lastKnownFileType = sourcecode.swift; path = "App/Services/RenewalAppleAccount.swift"; sourceTree = SOURCE_ROOT; };
  EB7E3D4AFC5D4972A049DC2A = { isa = PBXBuildFile; fileRef = BF3D275B940E29C3CEE41737; };
  CF0DB12A38D74D12085D996A = { isa = PBXFileReference; lastKnownFileType = sourcecode.swift; path = "App/Services/RenewalCredentials.swift"; sourceTree = SOURCE_ROOT; };
  BF3B522748E1DD97A147126B = { isa = PBXBuildFile; fileRef = CF0DB12A38D74D12085D996A; };
  14819C7C82C08E7CF51DE4ED = { isa = PBXFileReference; lastKnownFileType = sourcecode.swift; path = "App/Services/RenewalScheduler.swift"; sourceTree = SOURCE_ROOT; };
  2C893245F969D744DBFD7C18 = { isa = PBXBuildFile; fileRef = 14819C7C82C08E7CF51DE4ED; };
  03154352BE1388FF2DF7AF1F = { isa = PBXFileReference; lastKnownFileType = sourcecode.swift; path = "App/Services/SetupKeychain.swift"; sourceTree = SOURCE_ROOT; };
  74BFDBCA9977700920AE10F2 = { isa = PBXBuildFile; fileRef = 03154352BE1388FF2DF7AF1F; };
  C543602A39AA2F36B1B33D85 = { isa = PBXFileReference; lastKnownFileType = sourcecode.swift; path = "App/UI/AppAccessView.swift"; sourceTree = SOURCE_ROOT; };
  975D5D3157D08703E4864CF0 = { isa = PBXBuildFile; fileRef = C543602A39AA2F36B1B33D85; };
  AAF663A1F6A83DF97C3FA1AA = { isa = PBXFileReference; lastKnownFileType = sourcecode.swift; path = "App/UI/LocationView.swift"; sourceTree = SOURCE_ROOT; };
  ACA5BF3B1005B3F1C7BEE173 = { isa = PBXBuildFile; fileRef = AAF663A1F6A83DF97C3FA1AA; };
  7B5E5E5105E207FC0747F643 = { isa = PBXFileReference; lastKnownFileType = sourcecode.swift; path = "App/UI/RenewalCard.swift"; sourceTree = SOURCE_ROOT; };
  4B31E47AAA7F8047F2121EFD = { isa = PBXBuildFile; fileRef = 7B5E5E5105E207FC0747F643; };
  104C6C04EFB7A54E4918F9EE = { isa = PBXFileReference; lastKnownFileType = sourcecode.c.h; path = "App/GPS-Bridging-Header.h"; sourceTree = SOURCE_ROOT; };
  6AE27F664CD0832AD1AAA396 = { isa = PBXFileReference; lastKnownFileType = text.plist.xml; path = "Config/Info.plist"; sourceTree = SOURCE_ROOT; };
  6A8BEBD1CF30924289ABD774 = { isa = PBXFileReference; lastKnownFileType = text.xml; path = "App/Resources/PrivacyInfo.xcprivacy"; sourceTree = SOURCE_ROOT; };
  7BB87A1DD03CE2DFAFA930F4 = { isa = PBXBuildFile; fileRef = 6A8BEBD1CF30924289ABD774; };
  811A77D4C417876477335792 = { isa = PBXFileReference; lastKnownFileType = text.xcconfig; path = "Config/Signing.xcconfig"; sourceTree = SOURCE_ROOT; };
  8BF729FFE074CAEE622C0292 = { isa = PBXFileReference; lastKnownFileType = folder.assetcatalog; path = App/Resources/Assets.xcassets; sourceTree = SOURCE_ROOT; };
  999FF37E9C5A0FFB78E1CDE2 = { isa = PBXBuildFile; fileRef = 8BF729FFE074CAEE622C0292; };
  A8792157CB4F27FB949C035F = { isa = PBXFileReference; explicitFileType = wrapper.application; path = GPS.app; sourceTree = BUILT_PRODUCTS_DIR; };
  0A3E27B8CA818264D75C8D81 = { isa = PBXGroup; children = (A8792157CB4F27FB949C035F,); name = Products; sourceTree = "<group>"; };
  C69913C7EE4DFDD011BE172F = { isa = PBXGroup; children = (36AB0EF222B5E1F6D22879AA, 67850696253445ADCC340304, BA771BB44EDD33B051E0F694, 1D7298268D01E0E1E87AA6BC, B303777A1DB77DF7A06D9731, 472E7E98AF1FFF04EE99A54F, E3BB79CCBD002AAAB0CF2C2E, F7D13AC362A3033A94EA384D, E4AF3E1ABBF755810D0F9BA1, 8DAAD35E5325C0245D310B43, 9EB1ACC841C1D29F4999A69D, CC273E2998950BDFFC40EEC4, 530FF115F7BE6605ACAB6252, D75ADF3484C82C2F5C28F0A8, 47A3370F30B5D3209723F971, 41A889926E5F1F54E8FE5535, D2438DE180F6120826FC90E8, 7E8CE3CFCBB1712C76A09962, 39AC72B184EAA6197018DDC4, E6ECF465D76C51142834A7E7, BF3D275B940E29C3CEE41737, CF0DB12A38D74D12085D996A, 14819C7C82C08E7CF51DE4ED, 03154352BE1388FF2DF7AF1F, C543602A39AA2F36B1B33D85, AAF663A1F6A83DF97C3FA1AA, 7B5E5E5105E207FC0747F643, 104C6C04EFB7A54E4918F9EE, 6AE27F664CD0832AD1AAA396, 6A8BEBD1CF30924289ABD774, 811A77D4C417876477335792, 8BF729FFE074CAEE622C0292, 0A3E27B8CA818264D75C8D81,); sourceTree = "<group>"; };
  878A52FC5FF6A57D50B7B870 = { isa = PBXSourcesBuildPhase; buildActionMask = 2147483647; files = (351E4DDE41836BDB219903DA, BC4BCB17297EFA7C33664641, 8B039F8DCD3CD8351C99C463, CE5DE4E104895B1B5E27854B, 8095C8F2693E1D03503524E6, C60F3E4E145BF971562E4BF3, 7EDC9508773095B7C779974E, 5742A612965BE25926C8964A, D3EDE398B3ECC3D141F0B37F, 7C7EF079A891026A3559BBC4, 478B8F7C641DCD6CAC59CC80, BC4E1255593D5B59308BC737, 709803026073CAA1F5D562AE, 5EC9C5F02DBD4DFFD95DB294, 67A810DEAEF97BCD78D76695, 60475FB9AEFACA69F67AC190, DCF59D1663A1BD7945AE4B8E, DADB197ABB581B572DBC3867, ECC4635D8390924162A43AC4, 59213F60C48B314AC42AD4AB, EB7E3D4AFC5D4972A049DC2A, BF3B522748E1DD97A147126B, 2C893245F969D744DBFD7C18, 74BFDBCA9977700920AE10F2, 975D5D3157D08703E4864CF0, ACA5BF3B1005B3F1C7BEE173, 4B31E47AAA7F8047F2121EFD,); runOnlyForDeploymentPostprocessing = 0; };
  41D311A605520FC7B8B9A980 = { isa = PBXResourcesBuildPhase; buildActionMask = 2147483647; files = (7BB87A1DD03CE2DFAFA930F4, 999FF37E9C5A0FFB78E1CDE2,); runOnlyForDeploymentPostprocessing = 0; };
  752726BFA40B32976F84C34E = { isa = XCLocalSwiftPackageReference; relativePath = Vendor/SideSign; };
  4E71FFAC684DCFAB489C042B = { isa = XCSwiftPackageProductDependency; package = 752726BFA40B32976F84C34E; productName = SideSign; };
  A83CCE4C8A5415112807805B = { isa = PBXBuildFile; productRef = 4E71FFAC684DCFAB489C042B; };
  E2AA269EB967A8853A258BFA = { isa = PBXFrameworksBuildPhase; buildActionMask = 2147483647; files = (A83CCE4C8A5415112807805B,); runOnlyForDeploymentPostprocessing = 0; };
  8389E3C0C553D0FD8A4161F9 = { isa = PBXShellScriptBuildPhase; alwaysOutOfDate = 1; buildActionMask = 2147483647; files = (); inputPaths = (); outputPaths = ("$(SRCROOT)/Native/build/$(PLATFORM_NAME)/libgpsnative.a",); name = "Build native location transport"; runOnlyForDeploymentPostprocessing = 0; shellPath = /bin/sh; shellScript = "set -eu\ncase \"$PLATFORM_NAME\" in iphoneos) native_platform=device ;; iphonesimulator) native_platform=simulator ;; *) echo \"Unsupported platform\" >&2; exit 1 ;; esac\n\"$SRCROOT/Native/build.sh\" \"$native_platform\"\n"; };
  5DF0EAF287A59303D4EFEAF3 = { isa = XCBuildConfiguration; buildSettings = { CLANG_ENABLE_MODULES = "YES"; CLANG_ENABLE_OBJC_ARC = "YES"; GCC_C_LANGUAGE_STANDARD = "gnu17"; IPHONEOS_DEPLOYMENT_TARGET = "17.4"; SDKROOT = "iphoneos"; SWIFT_VERSION = "6.0"; ARCHS = "arm64"; SWIFT_STRICT_CONCURRENCY = "complete"; DEBUG_INFORMATION_FORMAT = "dwarf"; SWIFT_OPTIMIZATION_LEVEL = "-Onone"; ENABLE_USER_SCRIPT_SANDBOXING = "NO"; ENABLE_TESTABILITY = "YES"; SWIFT_ACTIVE_COMPILATION_CONDITIONS = "DEBUG"; }; name = Debug; };
  B8EB4DC6EE71CC2FBFD201B8 = { isa = XCBuildConfiguration; baseConfigurationReference = 811A77D4C417876477335792; buildSettings = { PRODUCT_NAME = "GPS"; PRODUCT_MODULE_NAME = "GPS"; MARKETING_VERSION = "0.3.0"; CURRENT_PROJECT_VERSION = "11"; TARGETED_DEVICE_FAMILY = "1"; SUPPORTED_PLATFORMS = "iphoneos iphonesimulator"; SUPPORTS_MACCATALYST = "NO"; GENERATE_INFOPLIST_FILE = "NO"; INFOPLIST_FILE = "Config/Info.plist"; SWIFT_OBJC_BRIDGING_HEADER = "App/GPS-Bridging-Header.h"; HEADER_SEARCH_PATHS = "$(inherited) $(SRCROOT)/Native/include"; LIBRARY_SEARCH_PATHS = "$(inherited) $(SRCROOT)/Native/build/$(PLATFORM_NAME)"; OTHER_LDFLAGS = "$(inherited) -lgpsnative -lc++ -framework Security -framework SystemConfiguration"; LD_RUNPATH_SEARCH_PATHS = "$(inherited) @executable_path/Frameworks"; SWIFT_EMIT_LOC_STRINGS = "NO"; ASSETCATALOG_COMPILER_APPICON_NAME = "AppIcon"; }; name = Debug; };
  C62D9534737287C44FD6EF43 = { isa = XCBuildConfiguration; buildSettings = { CLANG_ENABLE_MODULES = "YES"; CLANG_ENABLE_OBJC_ARC = "YES"; GCC_C_LANGUAGE_STANDARD = "gnu17"; IPHONEOS_DEPLOYMENT_TARGET = "17.4"; SDKROOT = "iphoneos"; SWIFT_VERSION = "6.0"; ARCHS = "arm64"; SWIFT_STRICT_CONCURRENCY = "complete"; DEBUG_INFORMATION_FORMAT = "dwarf-with-dsym"; SWIFT_OPTIMIZATION_LEVEL = "-O"; ENABLE_USER_SCRIPT_SANDBOXING = "NO"; ENABLE_TESTABILITY = "NO"; SWIFT_ACTIVE_COMPILATION_CONDITIONS = ""; }; name = Release; };
  2EF9ECCD715FED9D8FF379BE = { isa = XCBuildConfiguration; baseConfigurationReference = 811A77D4C417876477335792; buildSettings = { PRODUCT_NAME = "GPS"; PRODUCT_MODULE_NAME = "GPS"; MARKETING_VERSION = "0.3.0"; CURRENT_PROJECT_VERSION = "11"; TARGETED_DEVICE_FAMILY = "1"; SUPPORTED_PLATFORMS = "iphoneos iphonesimulator"; SUPPORTS_MACCATALYST = "NO"; GENERATE_INFOPLIST_FILE = "NO"; INFOPLIST_FILE = "Config/Info.plist"; SWIFT_OBJC_BRIDGING_HEADER = "App/GPS-Bridging-Header.h"; HEADER_SEARCH_PATHS = "$(inherited) $(SRCROOT)/Native/include"; LIBRARY_SEARCH_PATHS = "$(inherited) $(SRCROOT)/Native/build/$(PLATFORM_NAME)"; OTHER_LDFLAGS = "$(inherited) -lgpsnative -lc++ -framework Security -framework SystemConfiguration"; LD_RUNPATH_SEARCH_PATHS = "$(inherited) @executable_path/Frameworks"; SWIFT_EMIT_LOC_STRINGS = "NO"; ASSETCATALOG_COMPILER_APPICON_NAME = "AppIcon"; }; name = Release; };
  7ED5184A5487DF185E3420D0 = { isa = XCConfigurationList; buildConfigurations = (5DF0EAF287A59303D4EFEAF3, C62D9534737287C44FD6EF43,); defaultConfigurationIsVisible = 0; defaultConfigurationName = Release; };
  82A58AF6F77EDCFC78A65DA6 = { isa = XCConfigurationList; buildConfigurations = (B8EB4DC6EE71CC2FBFD201B8, 2EF9ECCD715FED9D8FF379BE,); defaultConfigurationIsVisible = 0; defaultConfigurationName = Release; };
  34A04005BCAF206EEC990BD9 = { isa = PBXNativeTarget; buildConfigurationList = 82A58AF6F77EDCFC78A65DA6; buildPhases = (8389E3C0C553D0FD8A4161F9, 878A52FC5FF6A57D50B7B870, E2AA269EB967A8853A258BFA, 41D311A605520FC7B8B9A980,); buildRules = (); dependencies = (); packageProductDependencies = (4E71FFAC684DCFAB489C042B,); name = GPS; productName = GPS; productReference = A8792157CB4F27FB949C035F; productType = "com.apple.product-type.application"; };
  244210E48437B6556980A702 = { isa = PBXProject; attributes = { BuildIndependentTargetsInParallel = YES; LastUpgradeCheck = 2700; }; buildConfigurationList = 7ED5184A5487DF185E3420D0; compatibilityVersion = "Xcode 14.0"; developmentRegion = en; hasScannedForEncodings = 0; knownRegions = (en, Base,); mainGroup = C69913C7EE4DFDD011BE172F; productRefGroup = 0A3E27B8CA818264D75C8D81; packageReferences = (752726BFA40B32976F84C34E,); projectDirPath = ""; projectRoot = ""; targets = (34A04005BCAF206EEC990BD9,); };
 };
 rootObject = 244210E48437B6556980A702;
}
